
Microsoft Visual Studio Solution File, Format Version 12.00
# Visual Studio 15
VisualStudioVersion = 15.0.27703.2026
MinimumVisualStudioVersion = 10.0.40219.1
Project("{FAE04EC0-301F-11D3-BF4B-00C04F79EFBC}") = "MapsuiForms.Android", "MapsuiForms\MapsuiForms.Android\MapsuiForms.Android.csproj", "{CB2A43D2-6F74-43F3-ABFC-DE81A2CB9170}"
EndProject
Project("{FAE04EC0-301F-11D3-BF4B-00C04F79EFBC}") = "MapsuiForms.iOS", "MapsuiForms\MapsuiForms.iOS\MapsuiForms.iOS.csproj", "{455DB32F-5231-40FD-A56B-F699D544DFCC}"
EndProject
Project("{FAE04EC0-301F-11D3-BF4B-00C04F79EFBC}") = "MapsuiForms.UWP", "MapsuiForms\MapsuiForms.UWP\MapsuiForms.UWP.csproj", "{B4C6F8D6-29CF-4CFC-84D8-E06B2F57BF11}"
EndProject
Project("{9A19103F-16F7-4668-BE54-9A1E7A4F7556}") = "MapsuiForms", "MapsuiForms\MapsuiForms\MapsuiForms.csproj", "{10D272C0-8E3C-47BE-B429-7753AC63A992}"
EndProject
Project("{FAE04EC0-301F-11D3-BF4B-00C04F79EFBC}") = "MapsuiForms.WPF", "MapsuiForms\MapsuiForms.WPF\MapsuiForms.WPF.csproj", "{BDD1E21C-FA87-4006-A898-43F760EE15B7}"
EndProject
Global
	GlobalSection(SolutionConfigurationPlatforms) = preSolution
		Ad-Hoc|Any CPU = Ad-Hoc|Any CPU
		Ad-Hoc|ARM = Ad-Hoc|ARM
		Ad-Hoc|iPhone = Ad-Hoc|iPhone
		Ad-Hoc|iPhoneSimulator = Ad-Hoc|iPhoneSimulator
		Ad-Hoc|x64 = Ad-Hoc|x64
		Ad-Hoc|x86 = Ad-Hoc|x86
		AppStore|Any CPU = AppStore|Any CPU
		AppStore|ARM = AppStore|ARM
		AppStore|iPhone = AppStore|iPhone
		AppStore|iPhoneSimulator = AppStore|iPhoneSimulator
		AppStore|x64 = AppStore|x64
		AppStore|x86 = AppStore|x86
		Debug|Any CPU = Debug|Any CPU
		Debug|ARM = Debug|ARM
		Debug|iPhone = Debug|iPhone
		Debug|iPhoneSimulator = Debug|iPhoneSimulator
		Debug|x64 = Debug|x64
		Debug|x86 = Debug|x86
		Release|Any CPU = Release|Any CPU
		Release|ARM = Release|ARM
		Release|iPhone = Release|iPhone
		Release|iPhoneSimulator = Release|iPhoneSimulator
		Release|x64 = Release|x64
		Release|x86 = Release|x86
	EndGlobalSection
	GlobalSection(ProjectConfigurationPlatforms) = postSolution
		{CB2A43D2-6F74-43F3-ABFC-DE81A2CB9170}.Ad-Hoc|Any CPU.ActiveCfg = Release|Any CPU
		{CB2A43D2-6F74-43F3-ABFC-DE81A2CB9170}.Ad-Hoc|Any CPU.Build.0 = Release|Any CPU
		{CB2A43D2-6F74-43F3-ABFC-DE81A2CB9170}.Ad-Hoc|Any CPU.Deploy.0 = Release|Any CPU
		{CB2A43D2-6F74-43F3-ABFC-DE81A2CB9170}.Ad-Hoc|ARM.ActiveCfg = Release|Any CPU
		{CB2A43D2-6F74-43F3-ABFC-DE81A2CB9170}.Ad-Hoc|ARM.Build.0 = Release|Any CPU
		{CB2A43D2-6F74-43F3-ABFC-DE81A2CB9170}.Ad-Hoc|ARM.Deploy.0 = Release|Any CPU
		{CB2A43D2-6F74-43F3-ABFC-DE81A2CB9170}.Ad-Hoc|iPhone.ActiveCfg = Release|Any CPU
		{CB2A43D2-6F74-43F3-ABFC-DE81A2CB9170}.Ad-Hoc|iPhone.Build.0 = Release|Any CPU
		{CB2A43D2-6F74-43F3-ABFC-DE81A2CB9170}.Ad-Hoc|iPhone.Deploy.0 = Release|Any CPU
		{CB2A43D2-6F74-43F3-ABFC-DE81A2CB9170}.Ad-Hoc|iPhoneSimulator.ActiveCfg = Release|Any CPU
		{CB2A43D2-6F74-43F3-ABFC-DE81A2CB9170}.Ad-Hoc|iPhoneSimulator.Build.0 = Release|Any CPU
		{CB2A43D2-6F74-43F3-ABFC-DE81A2CB9170}.Ad-Hoc|iPhoneSimulator.Deploy.0 = Release|Any CPU
		{CB2A43D2-6F74-43F3-ABFC-DE81A2CB9170}.Ad-Hoc|x64.ActiveCfg = Release|Any CPU
		{CB2A43D2-6F74-43F3-ABFC-DE81A2CB9170}.Ad-Hoc|x64.Build.0 = Release|Any CPU
		{CB2A43D2-6F74-43F3-ABFC-DE81A2CB9170}.Ad-Hoc|x64.Deploy.0 = Release|Any CPU
		{CB2A43D2-6F74-43F3-ABFC-DE81A2CB9170}.Ad-Hoc|x86.ActiveCfg = Release|Any CPU
		{CB2A43D2-6F74-43F3-ABFC-DE81A2CB9170}.Ad-Hoc|x86.Build.0 = Release|Any CPU
		{CB2A43D2-6F74-43F3-ABFC-DE81A2CB9170}.Ad-Hoc|x86.Deploy.0 = Release|Any CPU
		{CB2A43D2-6F74-43F3-ABFC-DE81A2CB9170}.AppStore|Any CPU.ActiveCfg = Release|Any CPU
		{CB2A43D2-6F74-43F3-ABFC-DE81A2CB9170}.AppStore|Any CPU.Build.0 = Release|Any CPU
		{CB2A43D2-6F74-43F3-ABFC-DE81A2CB9170}.AppStore|Any CPU.Deploy.0 = Release|Any CPU
		{CB2A43D2-6F74-43F3-ABFC-DE81A2CB9170}.AppStore|ARM.ActiveCfg = Release|Any CPU
		{CB2A43D2-6F74-43F3-ABFC-DE81A2CB9170}.AppStore|ARM.Build.0 = Release|Any CPU
		{CB2A43D2-6F74-43F3-ABFC-DE81A2CB9170}.AppStore|ARM.Deploy.0 = Release|Any CPU
		{CB2A43D2-6F74-43F3-ABFC-DE81A2CB9170}.AppStore|iPhone.ActiveCfg = Release|Any CPU
		{CB2A43D2-6F74-43F3-ABFC-DE81A2CB9170}.AppStore|iPhone.Build.0 = Release|Any CPU
		{CB2A43D2-6F74-43F3-ABFC-DE81A2CB9170}.AppStore|iPhone.Deploy.0 = Release|Any CPU
		{CB2A43D2-6F74-43F3-ABFC-DE81A2CB9170}.AppStore|iPhoneSimulator.ActiveCfg = Release|Any CPU
		{CB2A43D2-6F74-43F3-ABFC-DE81A2CB9170}.AppStore|iPhoneSimulator.Build.0 = Release|Any CPU
		{CB2A43D2-6F74-43F3-ABFC-DE81A2CB9170}.AppStore|iPhoneSimulator.Deploy.0 = Release|Any CPU
		{CB2A43D2-6F74-43F3-ABFC-DE81A2CB9170}.AppStore|x64.ActiveCfg = Release|Any CPU
		{CB2A43D2-6F74-43F3-ABFC-DE81A2CB9170}.AppStore|x64.Build.0 = Release|Any CPU
		{CB2A43D2-6F74-43F3-ABFC-DE81A2CB9170}.AppStore|x64.Deploy.0 = Release|Any CPU
		{CB2A43D2-6F74-43F3-ABFC-DE81A2CB9170}.AppStore|x86.ActiveCfg = Release|Any CPU
		{CB2A43D2-6F74-43F3-ABFC-DE81A2CB9170}.AppStore|x86.Build.0 = Release|Any CPU
		{CB2A43D2-6F74-43F3-ABFC-DE81A2CB9170}.AppStore|x86.Deploy.0 = Release|Any CPU
		{CB2A43D2-6F74-43F3-ABFC-DE81A2CB9170}.Debug|Any CPU.ActiveCfg = Debug|Any CPU
		{CB2A43D2-6F74-43F3-ABFC-DE81A2CB9170}.Debug|Any CPU.Build.0 = Debug|Any CPU
		{CB2A43D2-6F74-43F3-ABFC-DE81A2CB9170}.Debug|Any CPU.Deploy.0 = Debug|Any CPU
		{CB2A43D2-6F74-43F3-ABFC-DE81A2CB9170}.Debug|ARM.ActiveCfg = Debug|Any CPU
		{CB2A43D2-6F74-43F3-ABFC-DE81A2CB9170}.Debug|ARM.Build.0 = Debug|Any CPU
		{CB2A43D2-6F74-43F3-ABFC-DE81A2CB9170}.Debug|ARM.Deploy.0 = Debug|Any CPU
		{CB2A43D2-6F74-43F3-ABFC-DE81A2CB9170}.Debug|iPhone.ActiveCfg = Debug|Any CPU
		{CB2A43D2-6F74-43F3-ABFC-DE81A2CB9170}.Debug|iPhone.Build.0 = Debug|Any CPU
		{CB2A43D2-6F74-43F3-ABFC-DE81A2CB9170}.Debug|iPhone.Deploy.0 = Debug|Any CPU
		{CB2A43D2-6F74-43F3-ABFC-DE81A2CB9170}.Debug|iPhoneSimulator.ActiveCfg = Debug|Any CPU
		{CB2A43D2-6F74-43F3-ABFC-DE81A2CB9170}.Debug|iPhoneSimulator.Build.0 = Debug|Any CPU
		{CB2A43D2-6F74-43F3-ABFC-DE81A2CB9170}.Debug|iPhoneSimulator.Deploy.0 = Debug|Any CPU
		{CB2A43D2-6F74-43F3-ABFC-DE81A2CB9170}.Debug|x64.ActiveCfg = Debug|Any CPU
		{CB2A43D2-6F74-43F3-ABFC-DE81A2CB9170}.Debug|x64.Build.0 = Debug|Any CPU
		{CB2A43D2-6F74-43F3-ABFC-DE81A2CB9170}.Debug|x64.Deploy.0 = Debug|Any CPU
		{CB2A43D2-6F74-43F3-ABFC-DE81A2CB9170}.Debug|x86.ActiveCfg = Debug|Any CPU
		{CB2A43D2-6F74-43F3-ABFC-DE81A2CB9170}.Debug|x86.Build.0 = Debug|Any CPU
		{CB2A43D2-6F74-43F3-ABFC-DE81A2CB9170}.Debug|x86.Deploy.0 = Debug|Any CPU
		{CB2A43D2-6F74-43F3-ABFC-DE81A2CB9170}.Release|Any CPU.ActiveCfg = Release|Any CPU
		{CB2A43D2-6F74-43F3-ABFC-DE81A2CB9170}.Release|Any CPU.Build.0 = Release|Any CPU
		{CB2A43D2-6F74-43F3-ABFC-DE81A2CB9170}.Release|Any CPU.Deploy.0 = Release|Any CPU
		{CB2A43D2-6F74-43F3-ABFC-DE81A2CB9170}.Release|ARM.ActiveCfg = Release|Any CPU
		{CB2A43D2-6F74-43F3-ABFC-DE81A2CB9170}.Release|ARM.Build.0 = Release|Any CPU
		{CB2A43D2-6F74-43F3-ABFC-DE81A2CB9170}.Release|ARM.Deploy.0 = Release|Any CPU
		{CB2A43D2-6F74-43F3-ABFC-DE81A2CB9170}.Release|iPhone.ActiveCfg = Release|Any CPU
		{CB2A43D2-6F74-43F3-ABFC-DE81A2CB9170}.Release|iPhone.Build.0 = Release|Any CPU
		{CB2A43D2-6F74-43F3-ABFC-DE81A2CB9170}.Release|iPhone.Deploy.0 = Release|Any CPU
		{CB2A43D2-6F74-43F3-ABFC-DE81A2CB9170}.Release|iPhoneSimulator.ActiveCfg = Release|Any CPU
		{CB2A43D2-6F74-43F3-ABFC-DE81A2CB9170}.Release|iPhoneSimulator.Build.0 = Release|Any CPU
		{CB2A43D2-6F74-43F3-ABFC-DE81A2CB9170}.Release|iPhoneSimulator.Deploy.0 = Release|Any CPU
		{CB2A43D2-6F74-43F3-ABFC-DE81A2CB9170}.Release|x64.ActiveCfg = Release|Any CPU
		{CB2A43D2-6F74-43F3-ABFC-DE81A2CB9170}.Release|x64.Build.0 = Release|Any CPU
		{CB2A43D2-6F74-43F3-ABFC-DE81A2CB9170}.Release|x64.Deploy.0 = Release|Any CPU
		{CB2A43D2-6F74-43F3-ABFC-DE81A2CB9170}.Release|x86.ActiveCfg = Release|Any CPU
		{CB2A43D2-6F74-43F3-ABFC-DE81A2CB9170}.Release|x86.Build.0 = Release|Any CPU
		{CB2A43D2-6F74-43F3-ABFC-DE81A2CB9170}.Release|x86.Deploy.0 = Release|Any CPU
		{455DB32F-5231-40FD-A56B-F699D544DFCC}.Ad-Hoc|Any CPU.ActiveCfg = Ad-Hoc|iPhone
		{455DB32F-5231-40FD-A56B-F699D544DFCC}.Ad-Hoc|Any CPU.Build.0 = Ad-Hoc|iPhone
		{455DB32F-5231-40FD-A56B-F699D544DFCC}.Ad-Hoc|Any CPU.Deploy.0 = Ad-Hoc|iPhone
		{455DB32F-5231-40FD-A56B-F699D544DFCC}.Ad-Hoc|ARM.ActiveCfg = Ad-Hoc|iPhone
		{455DB32F-5231-40FD-A56B-F699D544DFCC}.Ad-Hoc|ARM.Build.0 = Ad-Hoc|iPhone
		{455DB32F-5231-40FD-A56B-F699D544DFCC}.Ad-Hoc|ARM.Deploy.0 = Ad-Hoc|iPhone
		{455DB32F-5231-40FD-A56B-F699D544DFCC}.Ad-Hoc|iPhone.ActiveCfg = Ad-Hoc|iPhone
		{455DB32F-5231-40FD-A56B-F699D544DFCC}.Ad-Hoc|iPhone.Build.0 = Ad-Hoc|iPhone
		{455DB32F-5231-40FD-A56B-F699D544DFCC}.Ad-Hoc|iPhone.Deploy.0 = Ad-Hoc|iPhone
		{455DB32F-5231-40FD-A56B-F699D544DFCC}.Ad-Hoc|iPhoneSimulator.ActiveCfg = Ad-Hoc|iPhoneSimulator
		{455DB32F-5231-40FD-A56B-F699D544DFCC}.Ad-Hoc|iPhoneSimulator.Build.0 = Ad-Hoc|iPhoneSimulator
		{455DB32F-5231-40FD-A56B-F699D544DFCC}.Ad-Hoc|iPhoneSimulator.Deploy.0 = Ad-Hoc|iPhoneSimulator
		{455DB32F-5231-40FD-A56B-F699D544DFCC}.Ad-Hoc|x64.ActiveCfg = Ad-Hoc|iPhone
		{455DB32F-5231-40FD-A56B-F699D544DFCC}.Ad-Hoc|x64.Build.0 = Ad-Hoc|iPhone
		{455DB32F-5231-40FD-A56B-F699D544DFCC}.Ad-Hoc|x64.Deploy.0 = Ad-Hoc|iPhone
		{455DB32F-5231-40FD-A56B-F699D544DFCC}.Ad-Hoc|x86.ActiveCfg = Ad-Hoc|iPhone
		{455DB32F-5231-40FD-A56B-F699D544DFCC}.Ad-Hoc|x86.Build.0 = Ad-Hoc|iPhone
		{455DB32F-5231-40FD-A56B-F699D544DFCC}.Ad-Hoc|x86.Deploy.0 = Ad-Hoc|iPhone
		{455DB32F-5231-40FD-A56B-F699D544DFCC}.AppStore|Any CPU.ActiveCfg = AppStore|iPhone
		{455DB32F-5231-40FD-A56B-F699D544DFCC}.AppStore|Any CPU.Build.0 = AppStore|iPhone
		{455DB32F-5231-40FD-A56B-F699D544DFCC}.AppStore|Any CPU.Deploy.0 = AppStore|iPhone
		{455DB32F-5231-40FD-A56B-F699D544DFCC}.AppStore|ARM.ActiveCfg = AppStore|iPhone
		{455DB32F-5231-40FD-A56B-F699D544DFCC}.AppStore|ARM.Build.0 = AppStore|iPhone
		{455DB32F-5231-40FD-A56B-F699D544DFCC}.AppStore|ARM.Deploy.0 = AppStore|iPhone
		{455DB32F-5231-40FD-A56B-F699D544DFCC}.AppStore|iPhone.ActiveCfg = AppStore|iPhone
		{455DB32F-5231-40FD-A56B-F699D544DFCC}.AppStore|iPhone.Build.0 = AppStore|iPhone
		{455DB32F-5231-40FD-A56B-F699D544DFCC}.AppStore|iPhone.Deploy.0 = AppStore|iPhone
		{455DB32F-5231-40FD-A56B-F699D544DFCC}.AppStore|iPhoneSimulator.ActiveCfg = AppStore|iPhoneSimulator
		{455DB32F-5231-40FD-A56B-F699D544DFCC}.AppStore|iPhoneSimulator.Build.0 = AppStore|iPhoneSimulator
		{455DB32F-5231-40FD-A56B-F699D544DFCC}.AppStore|iPhoneSimulator.Deploy.0 = AppStore|iPhoneSimulator
		{455DB32F-5231-40FD-A56B-F699D544DFCC}.AppStore|x64.ActiveCfg = AppStore|iPhone
		{455DB32F-5231-40FD-A56B-F699D544DFCC}.AppStore|x64.Build.0 = AppStore|iPhone
		{455DB32F-5231-40FD-A56B-F699D544DFCC}.AppStore|x64.Deploy.0 = AppStore|iPhone
		{455DB32F-5231-40FD-A56B-F699D544DFCC}.AppStore|x86.ActiveCfg = AppStore|iPhone
		{455DB32F-5231-40FD-A56B-F699D544DFCC}.AppStore|x86.Build.0 = AppStore|iPhone
		{455DB32F-5231-40FD-A56B-F699D544DFCC}.AppStore|x86.Deploy.0 = AppStore|iPhone
		{455DB32F-5231-40FD-A56B-F699D544DFCC}.Debug|Any CPU.ActiveCfg = Debug|iPhoneSimulator
		{455DB32F-5231-40FD-A56B-F699D544DFCC}.Debug|Any CPU.Build.0 = Debug|iPhoneSimulator
		{455DB32F-5231-40FD-A56B-F699D544DFCC}.Debug|Any CPU.Deploy.0 = Debug|iPhoneSimulator
		{455DB32F-5231-40FD-A56B-F699D544DFCC}.Debug|ARM.ActiveCfg = Debug|iPhone
		{455DB32F-5231-40FD-A56B-F699D544DFCC}.Debug|ARM.Build.0 = Debug|iPhone
		{455DB32F-5231-40FD-A56B-F699D544DFCC}.Debug|ARM.Deploy.0 = Debug|iPhone
		{455DB32F-5231-40FD-A56B-F699D544DFCC}.Debug|iPhone.ActiveCfg = Debug|iPhone
		{455DB32F-5231-40FD-A56B-F699D544DFCC}.Debug|iPhone.Build.0 = Debug|iPhone
		{455DB32F-5231-40FD-A56B-F699D544DFCC}.Debug|iPhone.Deploy.0 = Debug|iPhone
		{455DB32F-5231-40FD-A56B-F699D544DFCC}.Debug|iPhoneSimulator.ActiveCfg = Debug|iPhoneSimulator
		{455DB32F-5231-40FD-A56B-F699D544DFCC}.Debug|iPhoneSimulator.Build.0 = Debug|iPhoneSimulator
		{455DB32F-5231-40FD-A56B-F699D544DFCC}.Debug|iPhoneSimulator.Deploy.0 = Debug|iPhoneSimulator
		{455DB32F-5231-40FD-A56B-F699D544DFCC}.Debug|x64.ActiveCfg = Debug|iPhone
		{455DB32F-5231-40FD-A56B-F699D544DFCC}.Debug|x64.Build.0 = Debug|iPhone
		{455DB32F-5231-40FD-A56B-F699D544DFCC}.Debug|x64.Deploy.0 = Debug|iPhone
		{455DB32F-5231-40FD-A56B-F699D544DFCC}.Debug|x86.ActiveCfg = Debug|iPhone
		{455DB32F-5231-40FD-A56B-F699D544DFCC}.Debug|x86.Build.0 = Debug|iPhone
		{455DB32F-5231-40FD-A56B-F699D544DFCC}.Debug|x86.Deploy.0 = Debug|iPhone
		{455DB32F-5231-40FD-A56B-F699D544DFCC}.Release|Any CPU.ActiveCfg = Release|iPhone
		{455DB32F-5231-40FD-A56B-F699D544DFCC}.Release|Any CPU.Build.0 = Release|iPhone
		{455DB32F-5231-40FD-A56B-F699D544DFCC}.Release|Any CPU.Deploy.0 = Release|iPhone
		{455DB32F-5231-40FD-A56B-F699D544DFCC}.Release|ARM.ActiveCfg = Release|iPhone
		{455DB32F-5231-40FD-A56B-F699D544DFCC}.Release|ARM.Build.0 = Release|iPhone
		{455DB32F-5231-40FD-A56B-F699D544DFCC}.Release|ARM.Deploy.0 = Release|iPhone
		{455DB32F-5231-40FD-A56B-F699D544DFCC}.Release|iPhone.ActiveCfg = Release|iPhone
		{455DB32F-5231-40FD-A56B-F699D544DFCC}.Release|iPhone.Build.0 = Release|iPhone
		{455DB32F-5231-40FD-A56B-F699D544DFCC}.Release|iPhone.Deploy.0 = Release|iPhone
		{455DB32F-5231-40FD-A56B-F699D544DFCC}.Release|iPhoneSimulator.ActiveCfg = Release|iPhoneSimulator
		{455DB32F-5231-40FD-A56B-F699D544DFCC}.Release|iPhoneSimulator.Build.0 = Release|iPhoneSimulator
		{455DB32F-5231-40FD-A56B-F699D544DFCC}.Release|iPhoneSimulator.Deploy.0 = Release|iPhoneSimulator
		{455DB32F-5231-40FD-A56B-F699D544DFCC}.Release|x64.ActiveCfg = Release|iPhone
		{455DB32F-5231-40FD-A56B-F699D544DFCC}.Release|x64.Build.0 = Release|iPhone
		{455DB32F-5231-40FD-A56B-F699D544DFCC}.Release|x64.Deploy.0 = Release|iPhone
		{455DB32F-5231-40FD-A56B-F699D544DFCC}.Release|x86.ActiveCfg = Release|iPhone
		{455DB32F-5231-40FD-A56B-F699D544DFCC}.Release|x86.Build.0 = Release|iPhone
		{455DB32F-5231-40FD-A56B-F699D544DFCC}.Release|x86.Deploy.0 = Release|iPhone
		{B4C6F8D6-29CF-4CFC-84D8-E06B2F57BF11}.Ad-Hoc|Any CPU.ActiveCfg = Release|x86
		{B4C6F8D6-29CF-4CFC-84D8-E06B2F57BF11}.Ad-Hoc|Any CPU.Build.0 = Release|x86
		{B4C6F8D6-29CF-4CFC-84D8-E06B2F57BF11}.Ad-Hoc|Any CPU.Deploy.0 = Release|x86
		{B4C6F8D6-29CF-4CFC-84D8-E06B2F57BF11}.Ad-Hoc|ARM.ActiveCfg = Release|ARM
		{B4C6F8D6-29CF-4CFC-84D8-E06B2F57BF11}.Ad-Hoc|ARM.Build.0 = Release|ARM
		{B4C6F8D6-29CF-4CFC-84D8-E06B2F57BF11}.Ad-Hoc|ARM.Deploy.0 = Release|ARM
		{B4C6F8D6-29CF-4CFC-84D8-E06B2F57BF11}.Ad-Hoc|iPhone.ActiveCfg = Release|x86
		{B4C6F8D6-29CF-4CFC-84D8-E06B2F57BF11}.Ad-Hoc|iPhone.Build.0 = Release|x86
		{B4C6F8D6-29CF-4CFC-84D8-E06B2F57BF11}.Ad-Hoc|iPhone.Deploy.0 = Release|x86
		{B4C6F8D6-29CF-4CFC-84D8-E06B2F57BF11}.Ad-Hoc|iPhoneSimulator.ActiveCfg = Release|x86
		{B4C6F8D6-29CF-4CFC-84D8-E06B2F57BF11}.Ad-Hoc|iPhoneSimulator.Build.0 = Release|x86
		{B4C6F8D6-29CF-4CFC-84D8-E06B2F57BF11}.Ad-Hoc|iPhoneSimulator.Deploy.0 = Release|x86
		{B4C6F8D6-29CF-4CFC-84D8-E06B2F57BF11}.Ad-Hoc|x64.ActiveCfg = Release|x64
		{B4C6F8D6-29CF-4CFC-84D8-E06B2F57BF11}.Ad-Hoc|x64.Build.0 = Release|x64
		{B4C6F8D6-29CF-4CFC-84D8-E06B2F57BF11}.Ad-Hoc|x64.Deploy.0 = Release|x64
		{B4C6F8D6-29CF-4CFC-84D8-E06B2F57BF11}.Ad-Hoc|x86.ActiveCfg = Release|x86
		{B4C6F8D6-29CF-4CFC-84D8-E06B2F57BF11}.Ad-Hoc|x86.Build.0 = Release|x86
		{B4C6F8D6-29CF-4CFC-84D8-E06B2F57BF11}.Ad-Hoc|x86.Deploy.0 = Release|x86
		{B4C6F8D6-29CF-4CFC-84D8-E06B2F57BF11}.AppStore|Any CPU.ActiveCfg = Release|x86
		{B4C6F8D6-29CF-4CFC-84D8-E06B2F57BF11}.AppStore|Any CPU.Build.0 = Release|x86
		{B4C6F8D6-29CF-4CFC-84D8-E06B2F57BF11}.AppStore|Any CPU.Deploy.0 = Release|x86
		{B4C6F8D6-29CF-4CFC-84D8-E06B2F57BF11}.AppStore|ARM.ActiveCfg = Release|ARM
		{B4C6F8D6-29CF-4CFC-84D8-E06B2F57BF11}.AppStore|ARM.Build.0 = Release|ARM
		{B4C6F8D6-29CF-4CFC-84D8-E06B2F57BF11}.AppStore|ARM.Deploy.0 = Release|ARM
		{B4C6F8D6-29CF-4CFC-84D8-E06B2F57BF11}.AppStore|iPhone.ActiveCfg = Release|x86
		{B4C6F8D6-29CF-4CFC-84D8-E06B2F57BF11}.AppStore|iPhone.Build.0 = Release|x86
		{B4C6F8D6-29CF-4CFC-84D8-E06B2F57BF11}.AppStore|iPhone.Deploy.0 = Release|x86
		{B4C6F8D6-29CF-4CFC-84D8-E06B2F57BF11}.AppStore|iPhoneSimulator.ActiveCfg = Release|x86
		{B4C6F8D6-29CF-4CFC-84D8-E06B2F57BF11}.AppStore|iPhoneSimulator.Build.0 = Release|x86
		{B4C6F8D6-29CF-4CFC-84D8-E06B2F57BF11}.AppStore|iPhoneSimulator.Deploy.0 = Release|x86
		{B4C6F8D6-29CF-4CFC-84D8-E06B2F57BF11}.AppStore|x64.ActiveCfg = Release|x64
		{B4C6F8D6-29CF-4CFC-84D8-E06B2F57BF11}.AppStore|x64.Build.0 = Release|x64
		{B4C6F8D6-29CF-4CFC-84D8-E06B2F57BF11}.AppStore|x64.Deploy.0 = Release|x64
		{B4C6F8D6-29CF-4CFC-84D8-E06B2F57BF11}.AppStore|x86.ActiveCfg = Release|x86
		{B4C6F8D6-29CF-4CFC-84D8-E06B2F57BF11}.AppStore|x86.Build.0 = Release|x86
		{B4C6F8D6-29CF-4CFC-84D8-E06B2F57BF11}.AppStore|x86.Deploy.0 = Release|x86
		{B4C6F8D6-29CF-4CFC-84D8-E06B2F57BF11}.Debug|Any CPU.ActiveCfg = Debug|x86
		{B4C6F8D6-29CF-4CFC-84D8-E06B2F57BF11}.Debug|Any CPU.Build.0 = Debug|x86
		{B4C6F8D6-29CF-4CFC-84D8-E06B2F57BF11}.Debug|Any CPU.Deploy.0 = Debug|x86
		{B4C6F8D6-29CF-4CFC-84D8-E06B2F57BF11}.Debug|ARM.ActiveCfg = Debug|ARM
		{B4C6F8D6-29CF-4CFC-84D8-E06B2F57BF11}.Debug|ARM.Build.0 = Debug|ARM
		{B4C6F8D6-29CF-4CFC-84D8-E06B2F57BF11}.Debug|ARM.Deploy.0 = Debug|ARM
		{B4C6F8D6-29CF-4CFC-84D8-E06B2F57BF11}.Debug|iPhone.ActiveCfg = Debug|x86
		{B4C6F8D6-29CF-4CFC-84D8-E06B2F57BF11}.Debug|iPhone.Build.0 = Debug|x86
		{B4C6F8D6-29CF-4CFC-84D8-E06B2F57BF11}.Debug|iPhone.Deploy.0 = Debug|x86
		{B4C6F8D6-29CF-4CFC-84D8-E06B2F57BF11}.Debug|iPhoneSimulator.ActiveCfg = Debug|x86
		{B4C6F8D6-29CF-4CFC-84D8-E06B2F57BF11}.Debug|iPhoneSimulator.Build.0 = Debug|x86
		{B4C6F8D6-29CF-4CFC-84D8-E06B2F57BF11}.Debug|iPhoneSimulator.Deploy.0 = Debug|x86
		{B4C6F8D6-29CF-4CFC-84D8-E06B2F57BF11}.Debug|x64.ActiveCfg = Debug|x64
		{B4C6F8D6-29CF-4CFC-84D8-E06B2F57BF11}.Debug|x64.Build.0 = Debug|x64
		{B4C6F8D6-29CF-4CFC-84D8-E06B2F57BF11}.Debug|x64.Deploy.0 = Debug|x64
		{B4C6F8D6-29CF-4CFC-84D8-E06B2F57BF11}.Debug|x86.ActiveCfg = Debug|x86
		{B4C6F8D6-29CF-4CFC-84D8-E06B2F57BF11}.Debug|x86.Build.0 = Debug|x86
		{B4C6F8D6-29CF-4CFC-84D8-E06B2F57BF11}.Debug|x86.Deploy.0 = Debug|x86
		{B4C6F8D6-29CF-4CFC-84D8-E06B2F57BF11}.Release|Any CPU.ActiveCfg = Release|x86
		{B4C6F8D6-29CF-4CFC-84D8-E06B2F57BF11}.Release|Any CPU.Build.0 = Release|x86
		{B4C6F8D6-29CF-4CFC-84D8-E06B2F57BF11}.Release|Any CPU.Deploy.0 = Release|x86
		{B4C6F8D6-29CF-4CFC-84D8-E06B2F57BF11}.Release|ARM.ActiveCfg = Release|ARM
		{B4C6F8D6-29CF-4CFC-84D8-E06B2F57BF11}.Release|ARM.Build.0 = Release|ARM
		{B4C6F8D6-29CF-4CFC-84D8-E06B2F57BF11}.Release|ARM.Deploy.0 = Release|ARM
		{B4C6F8D6-29CF-4CFC-84D8-E06B2F57BF11}.Release|iPhone.ActiveCfg = Release|x86
		{B4C6F8D6-29CF-4CFC-84D8-E06B2F57BF11}.Release|iPhone.Build.0 = Release|x86
		{B4C6F8D6-29CF-4CFC-84D8-E06B2F57BF11}.Release|iPhone.Deploy.0 = Release|x86
		{B4C6F8D6-29CF-4CFC-84D8-E06B2F57BF11}.Release|iPhoneSimulator.ActiveCfg = Release|x86
		{B4C6F8D6-29CF-4CFC-84D8-E06B2F57BF11}.Release|iPhoneSimulator.Build.0 = Release|x86
		{B4C6F8D6-29CF-4CFC-84D8-E06B2F57BF11}.Release|iPhoneSimulator.Deploy.0 = Release|x86
		{B4C6F8D6-29CF-4CFC-84D8-E06B2F57BF11}.Release|x64.ActiveCfg = Release|x64
		{B4C6F8D6-29CF-4CFC-84D8-E06B2F57BF11}.Release|x64.Build.0 = Release|x64
		{B4C6F8D6-29CF-4CFC-84D8-E06B2F57BF11}.Release|x64.Deploy.0 = Release|x64
		{B4C6F8D6-29CF-4CFC-84D8-E06B2F57BF11}.Release|x86.ActiveCfg = Release|x86
		{B4C6F8D6-29CF-4CFC-84D8-E06B2F57BF11}.Release|x86.Build.0 = Release|x86
		{B4C6F8D6-29CF-4CFC-84D8-E06B2F57BF11}.Release|x86.Deploy.0 = Release|x86
		{10D272C0-8E3C-47BE-B429-7753AC63A992}.Ad-Hoc|Any CPU.ActiveCfg = Debug|Any CPU
		{10D272C0-8E3C-47BE-B429-7753AC63A992}.Ad-Hoc|Any CPU.Build.0 = Debug|Any CPU
		{10D272C0-8E3C-47BE-B429-7753AC63A992}.Ad-Hoc|Any CPU.Deploy.0 = Debug|Any CPU
		{10D272C0-8E3C-47BE-B429-7753AC63A992}.Ad-Hoc|ARM.ActiveCfg = Debug|Any CPU
		{10D272C0-8E3C-47BE-B429-7753AC63A992}.Ad-Hoc|ARM.Build.0 = Debug|Any CPU
		{10D272C0-8E3C-47BE-B429-7753AC63A992}.Ad-Hoc|ARM.Deploy.0 = Debug|Any CPU
		{10D272C0-8E3C-47BE-B429-7753AC63A992}.Ad-Hoc|iPhone.ActiveCfg = Debug|Any CPU
		{10D272C0-8E3C-47BE-B429-7753AC63A992}.Ad-Hoc|iPhone.Build.0 = Debug|Any CPU
		{10D272C0-8E3C-47BE-B429-7753AC63A992}.Ad-Hoc|iPhone.Deploy.0 = Debug|Any CPU
		{10D272C0-8E3C-47BE-B429-7753AC63A992}.Ad-Hoc|iPhoneSimulator.ActiveCfg = Debug|Any CPU
		{10D272C0-8E3C-47BE-B429-7753AC63A992}.Ad-Hoc|iPhoneSimulator.Build.0 = Debug|Any CPU
		{10D272C0-8E3C-47BE-B429-7753AC63A992}.Ad-Hoc|iPhoneSimulator.Deploy.0 = Debug|Any CPU
		{10D272C0-8E3C-47BE-B429-7753AC63A992}.Ad-Hoc|x64.ActiveCfg = Debug|Any CPU
		{10D272C0-8E3C-47BE-B429-7753AC63A992}.Ad-Hoc|x64.Build.0 = Debug|Any CPU
		{10D272C0-8E3C-47BE-B429-7753AC63A992}.Ad-Hoc|x64.Deploy.0 = Debug|Any CPU
		{10D272C0-8E3C-47BE-B429-7753AC63A992}.Ad-Hoc|x86.ActiveCfg = Debug|Any CPU
		{10D272C0-8E3C-47BE-B429-7753AC63A992}.Ad-Hoc|x86.Build.0 = Debug|Any CPU
		{10D272C0-8E3C-47BE-B429-7753AC63A992}.Ad-Hoc|x86.Deploy.0 = Debug|Any CPU
		{10D272C0-8E3C-47BE-B429-7753AC63A992}.AppStore|Any CPU.ActiveCfg = Debug|Any CPU
		{10D272C0-8E3C-47BE-B429-7753AC63A992}.AppStore|Any CPU.Build.0 = Debug|Any CPU
		{10D272C0-8E3C-47BE-B429-7753AC63A992}.AppStore|Any CPU.Deploy.0 = Debug|Any CPU
		{10D272C0-8E3C-47BE-B429-7753AC63A992}.AppStore|ARM.ActiveCfg = Debug|Any CPU
		{10D272C0-8E3C-47BE-B429-7753AC63A992}.AppStore|ARM.Build.0 = Debug|Any CPU
		{10D272C0-8E3C-47BE-B429-7753AC63A992}.AppStore|ARM.Deploy.0 = Debug|Any CPU
		{10D272C0-8E3C-47BE-B429-7753AC63A992}.AppStore|iPhone.ActiveCfg = Debug|Any CPU
		{10D272C0-8E3C-47BE-B429-7753AC63A992}.AppStore|iPhone.Build.0 = Debug|Any CPU
		{10D272C0-8E3C-47BE-B429-7753AC63A992}.AppStore|iPhone.Deploy.0 = Debug|Any CPU
		{10D272C0-8E3C-47BE-B429-7753AC63A992}.AppStore|iPhoneSimulator.ActiveCfg = Debug|Any CPU
		{10D272C0-8E3C-47BE-B429-7753AC63A992}.AppStore|iPhoneSimulator.Build.0 = Debug|Any CPU
		{10D272C0-8E3C-47BE-B429-7753AC63A992}.AppStore|iPhoneSimulator.Deploy.0 = Debug|Any CPU
		{10D272C0-8E3C-47BE-B429-7753AC63A992}.AppStore|x64.ActiveCfg = Debug|Any CPU
		{10D272C0-8E3C-47BE-B429-7753AC63A992}.AppStore|x64.Build.0 = Debug|Any CPU
		{10D272C0-8E3C-47BE-B429-7753AC63A992}.AppStore|x64.Deploy.0 = Debug|Any CPU
		{10D272C0-8E3C-47BE-B429-7753AC63A992}.AppStore|x86.ActiveCfg = Debug|Any CPU
		{10D272C0-8E3C-47BE-B429-7753AC63A992}.AppStore|x86.Build.0 = Debug|Any CPU
		{10D272C0-8E3C-47BE-B429-7753AC63A992}.AppStore|x86.Deploy.0 = Debug|Any CPU
		{10D272C0-8E3C-47BE-B429-7753AC63A992}.Debug|Any CPU.ActiveCfg = Debug|Any CPU
		{10D272C0-8E3C-47BE-B429-7753AC63A992}.Debug|Any CPU.Build.0 = Debug|Any CPU
		{10D272C0-8E3C-47BE-B429-7753AC63A992}.Debug|Any CPU.Deploy.0 = Debug|Any CPU
		{10D272C0-8E3C-47BE-B429-7753AC63A992}.Debug|ARM.ActiveCfg = Debug|Any CPU
		{10D272C0-8E3C-47BE-B429-7753AC63A992}.Debug|ARM.Build.0 = Debug|Any CPU
		{10D272C0-8E3C-47BE-B429-7753AC63A992}.Debug|ARM.Deploy.0 = Debug|Any CPU
		{10D272C0-8E3C-47BE-B429-7753AC63A992}.Debug|iPhone.ActiveCfg = Debug|Any CPU
		{10D272C0-8E3C-47BE-B429-7753AC63A992}.Debug|iPhone.Build.0 = Debug|Any CPU
		{10D272C0-8E3C-47BE-B429-7753AC63A992}.Debug|iPhone.Deploy.0 = Debug|Any CPU
		{10D272C0-8E3C-47BE-B429-7753AC63A992}.Debug|iPhoneSimulator.ActiveCfg = Debug|Any CPU
		{10D272C0-8E3C-47BE-B429-7753AC63A992}.Debug|iPhoneSimulator.Build.0 = Debug|Any CPU
		{10D272C0-8E3C-47BE-B429-7753AC63A992}.Debug|iPhoneSimulator.Deploy.0 = Debug|Any CPU
		{10D272C0-8E3C-47BE-B429-7753AC63A992}.Debug|x64.ActiveCfg = Debug|Any CPU
		{10D272C0-8E3C-47BE-B429-7753AC63A992}.Debug|x64.Build.0 = Debug|Any CPU
		{10D272C0-8E3C-47BE-B429-7753AC63A992}.Debug|x64.Deploy.0 = Debug|Any CPU
		{10D272C0-8E3C-47BE-B429-7753AC63A992}.Debug|x86.ActiveCfg = Debug|Any CPU
		{10D272C0-8E3C-47BE-B429-7753AC63A992}.Debug|x86.Build.0 = Debug|Any CPU
		{10D272C0-8E3C-47BE-B429-7753AC63A992}.Debug|x86.Deploy.0 = Debug|Any CPU
		{10D272C0-8E3C-47BE-B429-7753AC63A992}.Release|Any CPU.ActiveCfg = Release|Any CPU
		{10D272C0-8E3C-47BE-B429-7753AC63A992}.Release|Any CPU.Build.0 = Release|Any CPU
		{10D272C0-8E3C-47BE-B429-7753AC63A992}.Release|Any CPU.Deploy.0 = Release|Any CPU
		{10D272C0-8E3C-47BE-B429-7753AC63A992}.Release|ARM.ActiveCfg = Release|Any CPU
		{10D272C0-8E3C-47BE-B429-7753AC63A992}.Release|ARM.Build.0 = Release|Any CPU
		{10D272C0-8E3C-47BE-B429-7753AC63A992}.Release|ARM.Deploy.0 = Release|Any CPU
		{10D272C0-8E3C-47BE-B429-7753AC63A992}.Release|iPhone.ActiveCfg = Release|Any CPU
		{10D272C0-8E3C-47BE-B429-7753AC63A992}.Release|iPhone.Build.0 = Release|Any CPU
		{10D272C0-8E3C-47BE-B429-7753AC63A992}.Release|iPhone.Deploy.0 = Release|Any CPU
		{10D272C0-8E3C-47BE-B429-7753AC63A992}.Release|iPhoneSimulator.ActiveCfg = Release|Any CPU
		{10D272C0-8E3C-47BE-B429-7753AC63A992}.Release|iPhoneSimulator.Build.0 = Release|Any CPU
		{10D272C0-8E3C-47BE-B429-7753AC63A992}.Release|iPhoneSimulator.Deploy.0 = Release|Any CPU
		{10D272C0-8E3C-47BE-B429-7753AC63A992}.Release|x64.ActiveCfg = Release|Any CPU
		{10D272C0-8E3C-47BE-B429-7753AC63A992}.Release|x64.Build.0 = Release|Any CPU
		{10D272C0-8E3C-47BE-B429-7753AC63A992}.Release|x64.Deploy.0 = Release|Any CPU
		{10D272C0-8E3C-47BE-B429-7753AC63A992}.Release|x86.ActiveCfg = Release|Any CPU
		{10D272C0-8E3C-47BE-B429-7753AC63A992}.Release|x86.Build.0 = Release|Any CPU
		{10D272C0-8E3C-47BE-B429-7753AC63A992}.Release|x86.Deploy.0 = Release|Any CPU
		{BDD1E21C-FA87-4006-A898-43F760EE15B7}.Ad-Hoc|Any CPU.ActiveCfg = Release|Any CPU
		{BDD1E21C-FA87-4006-A898-43F760EE15B7}.Ad-Hoc|Any CPU.Build.0 = Release|Any CPU
		{BDD1E21C-FA87-4006-A898-43F760EE15B7}.Ad-Hoc|ARM.ActiveCfg = Release|Any CPU
		{BDD1E21C-FA87-4006-A898-43F760EE15B7}.Ad-Hoc|ARM.Build.0 = Release|Any CPU
		{BDD1E21C-FA87-4006-A898-43F760EE15B7}.Ad-Hoc|iPhone.ActiveCfg = Release|Any CPU
		{BDD1E21C-FA87-4006-A898-43F760EE15B7}.Ad-Hoc|iPhone.Build.0 = Release|Any CPU
		{BDD1E21C-FA87-4006-A898-43F760EE15B7}.Ad-Hoc|iPhoneSimulator.ActiveCfg = Release|Any CPU
		{BDD1E21C-FA87-4006-A898-43F760EE15B7}.Ad-Hoc|iPhoneSimulator.Build.0 = Release|Any CPU
		{BDD1E21C-FA87-4006-A898-43F760EE15B7}.Ad-Hoc|x64.ActiveCfg = Release|Any CPU
		{BDD1E21C-FA87-4006-A898-43F760EE15B7}.Ad-Hoc|x64.Build.0 = Release|Any CPU
		{BDD1E21C-FA87-4006-A898-43F760EE15B7}.Ad-Hoc|x86.ActiveCfg = Release|Any CPU
		{BDD1E21C-FA87-4006-A898-43F760EE15B7}.Ad-Hoc|x86.Build.0 = Release|Any CPU
		{BDD1E21C-FA87-4006-A898-43F760EE15B7}.AppStore|Any CPU.ActiveCfg = Release|Any CPU
		{BDD1E21C-FA87-4006-A898-43F760EE15B7}.AppStore|Any CPU.Build.0 = Release|Any CPU
		{BDD1E21C-FA87-4006-A898-43F760EE15B7}.AppStore|ARM.ActiveCfg = Release|Any CPU
		{BDD1E21C-FA87-4006-A898-43F760EE15B7}.AppStore|ARM.Build.0 = Release|Any CPU
		{BDD1E21C-FA87-4006-A898-43F760EE15B7}.AppStore|iPhone.ActiveCfg = Release|Any CPU
		{BDD1E21C-FA87-4006-A898-43F760EE15B7}.AppStore|iPhone.Build.0 = Release|Any CPU
		{BDD1E21C-FA87-4006-A898-43F760EE15B7}.AppStore|iPhoneSimulator.ActiveCfg = Release|Any CPU
		{BDD1E21C-FA87-4006-A898-43F760EE15B7}.AppStore|iPhoneSimulator.Build.0 = Release|Any CPU
		{BDD1E21C-FA87-4006-A898-43F760EE15B7}.AppStore|x64.ActiveCfg = Release|Any CPU
		{BDD1E21C-FA87-4006-A898-43F760EE15B7}.AppStore|x64.Build.0 = Release|Any CPU
		{BDD1E21C-FA87-4006-A898-43F760EE15B7}.AppStore|x86.ActiveCfg = Release|Any CPU
		{BDD1E21C-FA87-4006-A898-43F760EE15B7}.AppStore|x86.Build.0 = Release|Any CPU
		{BDD1E21C-FA87-4006-A898-43F760EE15B7}.Debug|Any CPU.ActiveCfg = Debug|Any CPU
		{BDD1E21C-FA87-4006-A898-43F760EE15B7}.Debug|Any CPU.Build.0 = Debug|Any CPU
		{BDD1E21C-FA87-4006-A898-43F760EE15B7}.Debug|ARM.ActiveCfg = Debug|Any CPU
		{BDD1E21C-FA87-4006-A898-43F760EE15B7}.Debug|ARM.Build.0 = Debug|Any CPU
		{BDD1E21C-FA87-4006-A898-43F760EE15B7}.Debug|iPhone.ActiveCfg = Debug|Any CPU
		{BDD1E21C-FA87-4006-A898-43F760EE15B7}.Debug|iPhone.Build.0 = Debug|Any CPU
		{BDD1E21C-FA87-4006-A898-43F760EE15B7}.Debug|iPhoneSimulator.ActiveCfg = Debug|Any CPU
		{BDD1E21C-FA87-4006-A898-43F760EE15B7}.Debug|iPhoneSimulator.Build.0 = Debug|Any CPU
		{BDD1E21C-FA87-4006-A898-43F760EE15B7}.Debug|x64.ActiveCfg = Debug|Any CPU
		{BDD1E21C-FA87-4006-A898-43F760EE15B7}.Debug|x64.Build.0 = Debug|Any CPU
		{BDD1E21C-FA87-4006-A898-43F760EE15B7}.Debug|x86.ActiveCfg = Debug|Any CPU
		{BDD1E21C-FA87-4006-A898-43F760EE15B7}.Debug|x86.Build.0 = Debug|Any CPU
		{BDD1E21C-FA87-4006-A898-43F760EE15B7}.Release|Any CPU.ActiveCfg = Release|Any CPU
		{BDD1E21C-FA87-4006-A898-43F760EE15B7}.Release|Any CPU.Build.0 = Release|Any CPU
		{BDD1E21C-FA87-4006-A898-43F760EE15B7}.Release|ARM.ActiveCfg = Release|Any CPU
		{BDD1E21C-FA87-4006-A898-43F760EE15B7}.Release|ARM.Build.0 = Release|Any CPU
		{BDD1E21C-FA87-4006-A898-43F760EE15B7}.Release|iPhone.ActiveCfg = Release|Any CPU
		{BDD1E21C-FA87-4006-A898-43F760EE15B7}.Release|iPhone.Build.0 = Release|Any CPU
		{BDD1E21C-FA87-4006-A898-43F760EE15B7}.Release|iPhoneSimulator.ActiveCfg = Release|Any CPU
		{BDD1E21C-FA87-4006-A898-43F760EE15B7}.Release|iPhoneSimulator.Build.0 = Release|Any CPU
		{BDD1E21C-FA87-4006-A898-43F760EE15B7}.Release|x64.ActiveCfg = Release|Any CPU
		{BDD1E21C-FA87-4006-A898-43F760EE15B7}.Release|x64.Build.0 = Release|Any CPU
		{BDD1E21C-FA87-4006-A898-43F760EE15B7}.Release|x86.ActiveCfg = Release|Any CPU
		{BDD1E21C-FA87-4006-A898-43F760EE15B7}.Release|x86.Build.0 = Release|Any CPU
	EndGlobalSection
	GlobalSection(SolutionProperties) = preSolution
		HideSolutionNode = FALSE
	EndGlobalSection
	GlobalSection(ExtensibilityGlobals) = postSolution
		SolutionGuid = {293F3C6A-CFA6-4E6D-9AF9-3009F0DE7AE2}
	EndGlobalSection
EndGlobal
